// !$*UTF8*$!
{
	archiveVersion = 1;
	classes = {
	};
	objectVersion = 51;
	objects = {

/* Begin PBXBuildFile section */
		523041C22484145500056174 /* AppDelegate.swift in Sources */ = {isa = PBXBuildFile; fileRef = 523041C12484145500056174 /* AppDelegate.swift */; };
		523041C42484145500056174 /* SceneDelegate.swift in Sources */ = {isa = PBXBuildFile; fileRef = 523041C32484145500056174 /* SceneDelegate.swift */; };
		523041C62484145500056174 /* ViewController.swift in Sources */ = {isa = PBXBuildFile; fileRef = 523041C52484145500056174 /* ViewController.swift */; };
		523041C92484145500056174 /* Main.storyboard in Resources */ = {isa = PBXBuildFile; fileRef = 523041C72484145500056174 /* Main.storyboard */; };
		523041CB2484145700056174 /* Assets.xcassets in Resources */ = {isa = PBXBuildFile; fileRef = 523041CA2484145700056174 /* Assets.xcassets */; };
		523041CE2484145700056174 /* LaunchScreen.storyboard in Resources */ = {isa = PBXBuildFile; fileRef = 523041CC2484145700056174 /* LaunchScreen.storyboard */; };
		523041DC248421BE00056174 /* .gitignore in Resources */ = {isa = PBXBuildFile; fileRef = 523041DB248421BE00056174 /* .gitignore */; };
		523041DE24842F0C00056174 /* MainTabBarController.swift in Sources */ = {isa = PBXBuildFile; fileRef = 523041DD24842F0C00056174 /* MainTabBarController.swift */; };
		523041E02484334200056174 /* SearchViewController.swift in Sources */ = {isa = PBXBuildFile; fileRef = 523041DF2484334200056174 /* SearchViewController.swift */; };
		52ED137924879992005576AB /* SearchResponse.swift in Sources */ = {isa = PBXBuildFile; fileRef = 52ED137824879992005576AB /* SearchResponse.swift */; };
		921BC5A2CFACD4D46FC702B3 /* Pods_MySImpleMusicPlayer.framework in Frameworks */ = {isa = PBXBuildFile; fileRef = AF68F67D2F3249DA8626863C /* Pods_MySImpleMusicPlayer.framework */; };
/* End PBXBuildFile section */

/* Begin PBXFileReference section */
		523041BE2484145500056174 /* MySImpleMusicPlayer.app */ = {isa = PBXFileReference; explicitFileType = wrapper.application; includeInIndex = 0; path = MySImpleMusicPlayer.app; sourceTree = BUILT_PRODUCTS_DIR; };
		523041C12484145500056174 /* AppDelegate.swift */ = {isa = PBXFileReference; lastKnownFileType = sourcecode.swift; path = AppDelegate.swift; sourceTree = "<group>"; };
		523041C32484145500056174 /* SceneDelegate.swift */ = {isa = PBXFileReference; lastKnownFileType = sourcecode.swift; path = SceneDelegate.swift; sourceTree = "<group>"; };
		523041C52484145500056174 /* ViewController.swift */ = {isa = PBXFileReference; lastKnownFileType = sourcecode.swift; path = ViewController.swift; sourceTree = "<group>"; };
		523041C82484145500056174 /* Base */ = {isa = PBXFileReference; lastKnownFileType = file.storyboard; name = Base; path = Base.lproj/Main.storyboard; sourceTree = "<group>"; };
		523041CA2484145700056174 /* Assets.xcassets */ = {isa = PBXFileReference; lastKnownFileType = folder.assetcatalog; path = Assets.xcassets; sourceTree = "<group>"; };
		523041CD2484145700056174 /* Base */ = {isa = PBXFileReference; lastKnownFileType = file.storyboard; name = Base; path = Base.lproj/LaunchScreen.storyboard; sourceTree = "<group>"; };
		523041CF2484145700056174 /* Info.plist */ = {isa = PBXFileReference; lastKnownFileType = text.plist.xml; path = Info.plist; sourceTree = "<group>"; };
		523041DA24841D3C00056174 /* README.md */ = {isa = PBXFileReference; lastKnownFileType = net.daringfireball.markdown; path = README.md; sourceTree = "<group>"; };
		523041DB248421BE00056174 /* .gitignore */ = {isa = PBXFileReference; lastKnownFileType = text; path = .gitignore; sourceTree = "<group>"; };
		523041DD24842F0C00056174 /* MainTabBarController.swift */ = {isa = PBXFileReference; lastKnownFileType = sourcecode.swift; path = MainTabBarController.swift; sourceTree = "<group>"; };
		523041DF2484334200056174 /* SearchViewController.swift */ = {isa = PBXFileReference; lastKnownFileType = sourcecode.swift; path = SearchViewController.swift; sourceTree = "<group>"; };
		52ED137824879992005576AB /* SearchResponse.swift */ = {isa = PBXFileReference; lastKnownFileType = sourcecode.swift; path = SearchResponse.swift; sourceTree = "<group>"; };
		6DE0590AB52F4E61DF5A3049 /* Pods-MySImpleMusicPlayer.release.xcconfig */ = {isa = PBXFileReference; includeInIndex = 1; lastKnownFileType = text.xcconfig; name = "Pods-MySImpleMusicPlayer.release.xcconfig"; path = "Target Support Files/Pods-MySImpleMusicPlayer/Pods-MySImpleMusicPlayer.release.xcconfig"; sourceTree = "<group>"; };
		AF68F67D2F3249DA8626863C /* Pods_MySImpleMusicPlayer.framework */ = {isa = PBXFileReference; explicitFileType = wrapper.framework; includeInIndex = 0; path = Pods_MySImpleMusicPlayer.framework; sourceTree = BUILT_PRODUCTS_DIR; };
		CEC1FEB2D82775FBBDF6B533 /* Pods-MySImpleMusicPlayer.debug.xcconfig */ = {isa = PBXFileReference; includeInIndex = 1; lastKnownFileType = text.xcconfig; name = "Pods-MySImpleMusicPlayer.debug.xcconfig"; path = "Target Support Files/Pods-MySImpleMusicPlayer/Pods-MySImpleMusicPlayer.debug.xcconfig"; sourceTree = "<group>"; };
/* End PBXFileReference section */

/* Begin PBXFrameworksBuildPhase section */
		523041BB2484145500056174 /* Frameworks */ = {
			isa = PBXFrameworksBuildPhase;
			buildActionMask = 2147483647;
			files = (
				921BC5A2CFACD4D46FC702B3 /* Pods_MySImpleMusicPlayer.framework in Frameworks */,
			);
			runOnlyForDeploymentPostprocessing = 0;
		};
/* End PBXFrameworksBuildPhase section */

/* Begin PBXGroup section */
		523041B52484145500056174 = {
			isa = PBXGroup;
			children = (
				523041C02484145500056174 /* MySImpleMusicPlayer */,
				523041BF2484145500056174 /* Products */,
				523041DA24841D3C00056174 /* README.md */,
				523041DB248421BE00056174 /* .gitignore */,
				531B12E26E71285722525A32 /* Pods */,
				9DE5F23A32DD790821E53905 /* Frameworks */,
			);
			sourceTree = "<group>";
		};
		523041BF2484145500056174 /* Products */ = {
			isa = PBXGroup;
			children = (
				523041BE2484145500056174 /* MySImpleMusicPlayer.app */,
			);
			name = Products;
			sourceTree = "<group>";
		};
		523041C02484145500056174 /* MySImpleMusicPlayer */ = {
			isa = PBXGroup;
			children = (
				523041C12484145500056174 /* AppDelegate.swift */,
				523041C32484145500056174 /* SceneDelegate.swift */,
				523041C52484145500056174 /* ViewController.swift */,
				523041DD24842F0C00056174 /* MainTabBarController.swift */,
				523041DF2484334200056174 /* SearchViewController.swift */,
				52ED137824879992005576AB /* SearchResponse.swift */,
				523041C72484145500056174 /* Main.storyboard */,
				523041CA2484145700056174 /* Assets.xcassets */,
				523041CC2484145700056174 /* LaunchScreen.storyboard */,
				523041CF2484145700056174 /* Info.plist */,
			);
			path = MySImpleMusicPlayer;
			sourceTree = "<group>";
		};
		531B12E26E71285722525A32 /* Pods */ = {
			isa = PBXGroup;
			children = (
				CEC1FEB2D82775FBBDF6B533 /* Pods-MySImpleMusicPlayer.debug.xcconfig */,
				6DE0590AB52F4E61DF5A3049 /* Pods-MySImpleMusicPlayer.release.xcconfig */,
			);
			path = Pods;
			sourceTree = "<group>";
		};
		9DE5F23A32DD790821E53905 /* Frameworks */ = {
			isa = PBXGroup;
			children = (
				AF68F67D2F3249DA8626863C /* Pods_MySImpleMusicPlayer.framework */,
			);
			name = Frameworks;
			sourceTree = "<group>";
		};
/* End PBXGroup section */

/* Begin PBXNativeTarget section */
		523041BD2484145500056174 /* MySImpleMusicPlayer */ = {
			isa = PBXNativeTarget;
			buildConfigurationList = 523041D22484145700056174 /* Build configuration list for PBXNativeTarget "MySImpleMusicPlayer" */;
			buildPhases = (
				0C77A113160CBB23A0A5E878 /* [CP] Check Pods Manifest.lock */,
				523041BA2484145500056174 /* Sources */,
				523041BB2484145500056174 /* Frameworks */,
				523041BC2484145500056174 /* Resources */,
				AA3E44389603DBCCCF685420 /* [CP] Embed Pods Frameworks */,
			);
			buildRules = (
			);
			dependencies = (
			);
			name = MySImpleMusicPlayer;
			productName = MySImpleMusicPlayer;
			productReference = 523041BE2484145500056174 /* MySImpleMusicPlayer.app */;
			productType = "com.apple.product-type.application";
		};
/* End PBXNativeTarget section */

/* Begin PBXProject section */
		523041B62484145500056174 /* Project object */ = {
			isa = PBXProject;
			attributes = {
				LastSwiftUpdateCheck = 1150;
				LastUpgradeCheck = 1150;
				ORGANIZATIONNAME = "Eric Grant";
				TargetAttributes = {
					523041BD2484145500056174 = {
						CreatedOnToolsVersion = 11.5;
					};
				};
			};
			buildConfigurationList = 523041B92484145500056174 /* Build configuration list for PBXProject "MySImpleMusicPlayer" */;
			compatibilityVersion = "Xcode 9.3";
			developmentRegion = en;
			hasScannedForEncodings = 0;
			knownRegions = (
				en,
				Base,
			);
			mainGroup = 523041B52484145500056174;
			productRefGroup = 523041BF2484145500056174 /* Products */;
			projectDirPath = "";
			projectRoot = "";
			targets = (
				523041BD2484145500056174 /* MySImpleMusicPlayer */,
			);
		};
/* End PBXProject section */

/* Begin PBXResourcesBuildPhase section */
		523041BC2484145500056174 /* Resources */ = {
			isa = PBXResourcesBuildPhase;
			buildActionMask = 2147483647;
			files = (
				523041DC248421BE00056174 /* .gitignore in Resources */,
				523041CE2484145700056174 /* LaunchScreen.storyboard in Resources */,
				523041CB2484145700056174 /* Assets.xcassets in Resources */,
				523041C92484145500056174 /* Main.storyboard in Resources */,
			);
			runOnlyForDeploymentPostprocessing = 0;
		};
/* End PBXResourcesBuildPhase section */

/* Begin PBXShellScriptBuildPhase section */
		0C77A113160CBB23A0A5E878 /* [CP] Check Pods Manifest.lock */ = {
			isa = PBXShellScriptBuildPhase;
			buildActionMask = 2147483647;
			files = (
			);
			inputFileListPaths = (
			);
			inputPaths = (
				"${PODS_PODFILE_DIR_PATH}/Podfile.lock",
				"${PODS_ROOT}/Manifest.lock",
			);
			name = "[CP] Check Pods Manifest.lock";
			outputFileListPaths = (
			);
			outputPaths = (
				"$(DERIVED_FILE_DIR)/Pods-MySImpleMusicPlayer-checkManifestLockResult.txt",
			);
			runOnlyForDeploymentPostprocessing = 0;
			shellPath = /bin/sh;
			shellScript = "diff \"${PODS_PODFILE_DIR_PATH}/Podfile.lock\" \"${PODS_ROOT}/Manifest.lock\" > /dev/null\nif [ $? != 0 ] ; then\n    # print error to STDERR\n    echo \"error: The sandbox is not in sync with the Podfile.lock. Run 'pod install' or update your CocoaPods installation.\" >&2\n    exit 1\nfi\n# This output is used by Xcode 'outputs' to avoid re-running this script phase.\necho \"SUCCESS\" > \"${SCRIPT_OUTPUT_FILE_0}\"\n";
			showEnvVarsInLog = 0;
		};
		AA3E44389603DBCCCF685420 /* [CP] Embed Pods Frameworks */ = {
			isa = PBXShellScriptBuildPhase;
			buildActionMask = 2147483647;
			files = (
			);
			inputFileListPaths = (
				"${PODS_ROOT}/Target Support Files/Pods-MySImpleMusicPlayer/Pods-MySImpleMusicPlayer-frameworks-${CONFIGURATION}-input-files.xcfilelist",
			);
			name = "[CP] Embed Pods Frameworks";
			outputFileListPaths = (
				"${PODS_ROOT}/Target Support Files/Pods-MySImpleMusicPlayer/Pods-MySImpleMusicPlayer-frameworks-${CONFIGURATION}-output-files.xcfilelist",
			);
			runOnlyForDeploymentPostprocessing = 0;
			shellPath = /bin/sh;
			shellScript = "\"${PODS_ROOT}/Target Support Files/Pods-MySImpleMusicPlayer/Pods-MySImpleMusicPlayer-frameworks.sh\"\n";
			showEnvVarsInLog = 0;
		};
/* End PBXShellScriptBuildPhase section */

/* Begin PBXSourcesBuildPhase section */
		523041BA2484145500056174 /* Sources */ = {
			isa = PBXSourcesBuildPhase;
			buildActionMask = 2147483647;
			files = (
				523041E02484334200056174 /* SearchViewController.swift in Sources */,
				523041C62484145500056174 /* ViewController.swift in Sources */,
				52ED137924879992005576AB /* SearchResponse.swift in Sources */,
				523041C22484145500056174 /* AppDelegate.swift in Sources */,
				523041DE24842F0C00056174 /* MainTabBarController.swift in Sources */,
				523041C42484145500056174 /* SceneDelegate.swift in Sources */,
			);
			runOnlyForDeploymentPostprocessing = 0;
		};
/* End PBXSourcesBuildPhase section */

/* Begin PBXVariantGroup section */
		523041C72484145500056174 /* Main.storyboard */ = {
			isa = PBXVariantGroup;
			children = (
				523041C82484145500056174 /* Base */,
			);
			name = Main.storyboard;
			sourceTree = "<group>";
		};
		523041CC2484145700056174 /* LaunchScreen.storyboard */ = {
			isa = PBXVariantGroup;
			children = (
				523041CD2484145700056174 /* Base */,
			);
			name = LaunchScreen.storyboard;
			sourceTree = "<group>";
		};
/* End PBXVariantGroup section */

/* Begin XCBuildConfiguration section */
		523041D02484145700056174 /* Debug */ = {
			isa = XCBuildConfiguration;
			buildSettings = {
				ALWAYS_SEARCH_USER_PATHS = NO;
				CLANG_ANALYZER_NONNULL = YES;
				CLANG_ANALYZER_NUMBER_OBJECT_CONVERSION = YES_AGGRESSIVE;
				CLANG_CXX_LANGUAGE_STANDARD = "gnu++14";
				CLANG_CXX_LIBRARY = "libc++";
				CLANG_ENABLE_MODULES = YES;
				CLANG_ENABLE_OBJC_ARC = YES;
				CLANG_ENABLE_OBJC_WEAK = YES;
				CLANG_WARN_BLOCK_CAPTURE_AUTORELEASING = YES;
				CLANG_WARN_BOOL_CONVERSION = YES;
				CLANG_WARN_COMMA = YES;
				CLANG_WARN_CONSTANT_CONVERSION = YES;
				CLANG_WARN_DEPRECATED_OBJC_IMPLEMENTATIONS = YES;
				CLANG_WARN_DIRECT_OBJC_ISA_USAGE = YES_ERROR;
				CLANG_WARN_DOCUMENTATION_COMMENTS = YES;
				CLANG_WARN_EMPTY_BODY = YES;
				CLANG_WARN_ENUM_CONVERSION = YES;
				CLANG_WARN_INFINITE_RECURSION = YES;
				CLANG_WARN_INT_CONVERSION = YES;
				CLANG_WARN_NON_LITERAL_NULL_CONVERSION = YES;
				CLANG_WARN_OBJC_IMPLICIT_RETAIN_SELF = YES;
				CLANG_WARN_OBJC_LITERAL_CONVERSION = YES;
				CLANG_WARN_OBJC_ROOT_CLASS = YES_ERROR;
				CLANG_WARN_RANGE_LOOP_ANALYSIS = YES;
				CLANG_WARN_STRICT_PROTOTYPES = YES;
				CLANG_WARN_SUSPICIOUS_MOVE = YES;
				CLANG_WARN_UNGUARDED_AVAILABILITY = YES_AGGRESSIVE;
				CLANG_WARN_UNREACHABLE_CODE = YES;
				CLANG_WARN__DUPLICATE_METHOD_MATCH = YES;
				COPY_PHASE_STRIP = NO;
				DEBUG_INFORMATION_FORMAT = dwarf;
				ENABLE_STRICT_OBJC_MSGSEND = YES;
				ENABLE_TESTABILITY = YES;
				GCC_C_LANGUAGE_STANDARD = gnu11;
				GCC_DYNAMIC_NO_PIC = NO;
				GCC_NO_COMMON_BLOCKS = YES;
				GCC_OPTIMIZATION_LEVEL = 0;
				GCC_PREPROCESSOR_DEFINITIONS = (
					"DEBUG=1",
					"$(inherited)",
				);
				GCC_WARN_64_TO_32_BIT_CONVERSION = YES;
				GCC_WARN_ABOUT_RETURN_TYPE = YES_ERROR;
				GCC_WARN_UNDECLARED_SELECTOR = YES;
				GCC_WARN_UNINITIALIZED_AUTOS = YES_AGGRESSIVE;
				GCC_WARN_UNUSED_FUNCTION = YES;
				GCC_WARN_UNUSED_VARIABLE = YES;
				IPHONEOS_DEPLOYMENT_TARGET = 13.5;
				MTL_ENABLE_DEBUG_INFO = INCLUDE_SOURCE;
				MTL_FAST_MATH = YES;
				ONLY_ACTIVE_ARCH = YES;
				SDKROOT = iphoneos;
				SWIFT_ACTIVE_COMPILATION_CONDITIONS = DEBUG;
				SWIFT_OPTIMIZATION_LEVEL = "-Onone";
			};
			name = Debug;
		};
		523041D12484145700056174 /* Release */ = {
			isa = XCBuildConfiguration;
			buildSettings = {
				ALWAYS_SEARCH_USER_PATHS = NO;
				CLANG_ANALYZER_NONNULL = YES;
				CLANG_ANALYZER_NUMBER_OBJECT_CONVERSION = YES_AGGRESSIVE;
				CLANG_CXX_LANGUAGE_STANDARD = "gnu++14";
				CLANG_CXX_LIBRARY = "libc++";
				CLANG_ENABLE_MODULES = YES;
				CLANG_ENABLE_OBJC_ARC = YES;
				CLANG_ENABLE_OBJC_WEAK = YES;
				CLANG_WARN_BLOCK_CAPTURE_AUTORELEASING = YES;
				CLANG_WARN_BOOL_CONVERSION = YES;
				CLANG_WARN_COMMA = YES;
				CLANG_WARN_CONSTANT_CONVERSION = YES;
				CLANG_WARN_DEPRECATED_OBJC_IMPLEMENTATIONS = YES;
				CLANG_WARN_DIRECT_OBJC_ISA_USAGE = YES_ERROR;
				CLANG_WARN_DOCUMENTATION_COMMENTS = YES;
				CLANG_WARN_EMPTY_BODY = YES;
				CLANG_WARN_ENUM_CONVERSION = YES;
				CLANG_WARN_INFINITE_RECURSION = YES;
				CLANG_WARN_INT_CONVERSION = YES;
				CLANG_WARN_NON_LITERAL_NULL_CONVERSION = YES;
				CLANG_WARN_OBJC_IMPLICIT_RETAIN_SELF = YES;
				CLANG_WARN_OBJC_LITERAL_CONVERSION = YES;
				CLANG_WARN_OBJC_ROOT_CLASS = YES_ERROR;
				CLANG_WARN_RANGE_LOOP_ANALYSIS = YES;
				CLANG_WARN_STRICT_PROTOTYPES = YES;
				CLANG_WARN_SUSPICIOUS_MOVE = YES;
				CLANG_WARN_UNGUARDED_AVAILABILITY = YES_AGGRESSIVE;
				CLANG_WARN_UNREACHABLE_CODE = YES;
				CLANG_WARN__DUPLICATE_METHOD_MATCH = YES;
				COPY_PHASE_STRIP = NO;
				DEBUG_INFORMATION_FORMAT = "dwarf-with-dsym";
				ENABLE_NS_ASSERTIONS = NO;
				ENABLE_STRICT_OBJC_MSGSEND = YES;
				GCC_C_LANGUAGE_STANDARD = gnu11;
				GCC_NO_COMMON_BLOCKS = YES;
				GCC_WARN_64_TO_32_BIT_CONVERSION = YES;
				GCC_WARN_ABOUT_RETURN_TYPE = YES_ERROR;
				GCC_WARN_UNDECLARED_SELECTOR = YES;
				GCC_WARN_UNINITIALIZED_AUTOS = YES_AGGRESSIVE;
				GCC_WARN_UNUSED_FUNCTION = YES;
				GCC_WARN_UNUSED_VARIABLE = YES;
				IPHONEOS_DEPLOYMENT_TARGET = 13.5;
				MTL_ENABLE_DEBUG_INFO = NO;
				MTL_FAST_MATH = YES;
				SDKROOT = iphoneos;
				SWIFT_COMPILATION_MODE = wholemodule;
				SWIFT_OPTIMIZATION_LEVEL = "-O";
				VALIDATE_PRODUCT = YES;
			};
			name = Release;
		};
		523041D32484145700056174 /* Debug */ = {
			isa = XCBuildConfiguration;
			baseConfigurationReference = CEC1FEB2D82775FBBDF6B533 /* Pods-MySImpleMusicPlayer.debug.xcconfig */;
			buildSettings = {
				ASSETCATALOG_COMPILER_APPICON_NAME = AppIcon;
				CODE_SIGN_STYLE = Automatic;
				DEVELOPMENT_TEAM = 972D9Z4QKX;
				INFOPLIST_FILE = MySImpleMusicPlayer/Info.plist;
				LD_RUNPATH_SEARCH_PATHS = (
					"$(inherited)",
					"@executable_path/Frameworks",
				);
				PRODUCT_BUNDLE_IDENTIFIER = com.ericgrant.MySImpleMusicPlayer;
				PRODUCT_NAME = "$(TARGET_NAME)";
				SWIFT_VERSION = 5.0;
				TARGETED_DEVICE_FAMILY = "1,2";
			};
			name = Debug;
		};
		523041D42484145700056174 /* Release */ = {
			isa = XCBuildConfiguration;
			baseConfigurationReference = 6DE0590AB52F4E61DF5A3049 /* Pods-MySImpleMusicPlayer.release.xcconfig */;
			buildSettings = {
				ASSETCATALOG_COMPILER_APPICON_NAME = AppIcon;
				CODE_SIGN_STYLE = Automatic;
				DEVELOPMENT_TEAM = 972D9Z4QKX;
				INFOPLIST_FILE = MySImpleMusicPlayer/Info.plist;
				LD_RUNPATH_SEARCH_PATHS = (
					"$(inherited)",
					"@executable_path/Frameworks",
				);
				PRODUCT_BUNDLE_IDENTIFIER = com.ericgrant.MySImpleMusicPlayer;
				PRODUCT_NAME = "$(TARGET_NAME)";
				SWIFT_VERSION = 5.0;
				TARGETED_DEVICE_FAMILY = "1,2";
			};
			name = Release;
		};
/* End XCBuildConfiguration section */

/* Begin XCConfigurationList section */
		523041B92484145500056174 /* Build configuration list for PBXProject "MySImpleMusicPlayer" */ = {
			isa = XCConfigurationList;
			buildConfigurations = (
				523041D02484145700056174 /* Debug */,
				523041D12484145700056174 /* Release */,
			);
			defaultConfigurationIsVisible = 0;
			defaultConfigurationName = Release;
		};
		523041D22484145700056174 /* Build configuration list for PBXNativeTarget "MySImpleMusicPlayer" */ = {
			isa = XCConfigurationList;
			buildConfigurations = (
				523041D32484145700056174 /* Debug */,
				523041D42484145700056174 /* Release */,
			);
			defaultConfigurationIsVisible = 0;
			defaultConfigurationName = Release;
		};
/* End XCConfigurationList section */
	};
	rootObject = 523041B62484145500056174 /* Project object */;
}
